
Microsoft Visual Studio Solution File, Format Version 12.00
# Visual Studio Version 16
VisualStudioVersion = 16.0.31019.35
MinimumVisualStudioVersion = 10.0.40219.1
Project("{9A19103F-16F7-4668-BE54-9A1E7A4F7556}") = "ArisCorpWeb", "ArisCorpWeb\ArisCorpWeb.csproj", "{B0C2435B-AAB6-4957-AEC0-E573A40E1D62}"
EndProject
Global
	GlobalSection(SolutionConfigurationPlatforms) = preSolution
		Debug|Any CPU = Debug|Any CPU
		Release|Any CPU = Release|Any CPU
	EndGlobalSection
	GlobalSection(ProjectConfigurationPlatforms) = postSolution
		{B0C2435B-AAB6-4957-AEC0-E573A40E1D62}.Debug|Any CPU.ActiveCfg = Debug|Any CPU
		{B0C2435B-AAB6-4957-AEC0-E573A40E1D62}.Debug|Any CPU.Build.0 = Debug|Any CPU
		{B0C2435B-AAB6-4957-AEC0-E573A40E1D62}.Release|Any CPU.ActiveCfg = Release|Any CPU
		{B0C2435B-AAB6-4957-AEC0-E573A40E1D62}.Release|Any CPU.Build.0 = Release|Any CPU
	EndGlobalSection
	GlobalSection(SolutionProperties) = preSolution
		HideSolutionNode = FALSE
	EndGlobalSection
	GlobalSection(ExtensibilityGlobals) = postSolution
		SolutionGuid = {34D3CA7B-B2D2-4CF1-8FB6-4FA5006994F9}
	EndGlobalSection
EndGlobal
